
Microsoft Visual Studio Solution File, Format Version 11.00
# Visual Studio 2010
Project("{FAE04EC0-301F-11D3-BF4B-00C04F79EFBC}") = "Demo.LoggingStopwatch", "Demo.LoggingStopwatch\Demo.LoggingStopwatch.csproj", "{909BAFC7-76E7-433B-93FB-0F57D877C918}"
EndProject
Global
	GlobalSection(SolutionConfigurationPlatforms) = preSolution
		Debug|x86 = Debug|x86
		Release|x86 = Release|x86
	EndGlobalSection
	GlobalSection(ProjectConfigurationPlatforms) = postSolution
		{909BAFC7-76E7-433B-93FB-0F57D877C918}.Debug|x86.ActiveCfg = Debug|x86
		{909BAFC7-76E7-433B-93FB-0F57D877C918}.Debug|x86.Build.0 = Debug|x86
		{909BAFC7-76E7-433B-93FB-0F57D877C918}.Release|x86.ActiveCfg = Release|x86
		{909BAFC7-76E7-433B-93FB-0F57D877C918}.Release|x86.Build.0 = Release|x86
	EndGlobalSection
	GlobalSection(SolutionProperties) = preSolution
		HideSolutionNode = FALSE
	EndGlobalSection
EndGlobal
